
Microsoft Visual Studio Solution File, Format Version 12.00
# Visual Studio 15
VisualStudioVersion = 15.0.26124.0
MinimumVisualStudioVersion = 15.0.26124.0
Project("{FAE04EC0-301F-11D3-BF4B-00C04F79EFBC}") = "PizzaStore.Client", "PizzaStore.Client\PizzaStore.Client.csproj", "{7066D46F-2EF3-4A69-AA92-E1F1D538739C}"
EndProject
Project("{FAE04EC0-301F-11D3-BF4B-00C04F79EFBC}") = "PizzaStore.Domain", "PizzaStore.Domain\PizzaStore.Domain.csproj", "{33ED9FC4-0049-469D-A7CC-A35101A03801}"
EndProject
Project("{FAE04EC0-301F-11D3-BF4B-00C04F79EFBC}") = "PizzaStore.Storing", "PizzaStore.Storing\PizzaStore.Storing.csproj", "{0B3DE479-D25A-4585-8883-AD8DDC067DE8}"
EndProject
Project("{FAE04EC0-301F-11D3-BF4B-00C04F79EFBC}") = "PizzaStore.Testing", "PizzaStore.Testing\PizzaStore.Testing.csproj", "{DB856925-D981-4A55-A70A-2234D0F72383}"
EndProject
Global
	GlobalSection(SolutionConfigurationPlatforms) = preSolution
		Debug|Any CPU = Debug|Any CPU
		Debug|x64 = Debug|x64
		Debug|x86 = Debug|x86
		Release|Any CPU = Release|Any CPU
		Release|x64 = Release|x64
		Release|x86 = Release|x86
	EndGlobalSection
	GlobalSection(SolutionProperties) = preSolution
		HideSolutionNode = FALSE
	EndGlobalSection
	GlobalSection(ProjectConfigurationPlatforms) = postSolution
		{7066D46F-2EF3-4A69-AA92-E1F1D538739C}.Debug|Any CPU.ActiveCfg = Debug|Any CPU
		{7066D46F-2EF3-4A69-AA92-E1F1D538739C}.Debug|Any CPU.Build.0 = Debug|Any CPU
		{7066D46F-2EF3-4A69-AA92-E1F1D538739C}.Debug|x64.ActiveCfg = Debug|Any CPU
		{7066D46F-2EF3-4A69-AA92-E1F1D538739C}.Debug|x64.Build.0 = Debug|Any CPU
		{7066D46F-2EF3-4A69-AA92-E1F1D538739C}.Debug|x86.ActiveCfg = Debug|Any CPU
		{7066D46F-2EF3-4A69-AA92-E1F1D538739C}.Debug|x86.Build.0 = Debug|Any CPU
		{7066D46F-2EF3-4A69-AA92-E1F1D538739C}.Release|Any CPU.ActiveCfg = Release|Any CPU
		{7066D46F-2EF3-4A69-AA92-E1F1D538739C}.Release|Any CPU.Build.0 = Release|Any CPU
		{7066D46F-2EF3-4A69-AA92-E1F1D538739C}.Release|x64.ActiveCfg = Release|Any CPU
		{7066D46F-2EF3-4A69-AA92-E1F1D538739C}.Release|x64.Build.0 = Release|Any CPU
		{7066D46F-2EF3-4A69-AA92-E1F1D538739C}.Release|x86.ActiveCfg = Release|Any CPU
		{7066D46F-2EF3-4A69-AA92-E1F1D538739C}.Release|x86.Build.0 = Release|Any CPU
		{33ED9FC4-0049-469D-A7CC-A35101A03801}.Debug|Any CPU.ActiveCfg = Debug|Any CPU
		{33ED9FC4-0049-469D-A7CC-A35101A03801}.Debug|Any CPU.Build.0 = Debug|Any CPU
		{33ED9FC4-0049-469D-A7CC-A35101A03801}.Debug|x64.ActiveCfg = Debug|Any CPU
		{33ED9FC4-0049-469D-A7CC-A35101A03801}.Debug|x64.Build.0 = Debug|Any CPU
		{33ED9FC4-0049-469D-A7CC-A35101A03801}.Debug|x86.ActiveCfg = Debug|Any CPU
		{33ED9FC4-0049-469D-A7CC-A35101A03801}.Debug|x86.Build.0 = Debug|Any CPU
		{33ED9FC4-0049-469D-A7CC-A35101A03801}.Release|Any CPU.ActiveCfg = Release|Any CPU
		{33ED9FC4-0049-469D-A7CC-A35101A03801}.Release|Any CPU.Build.0 = Release|Any CPU
		{33ED9FC4-0049-469D-A7CC-A35101A03801}.Release|x64.ActiveCfg = Release|Any CPU
		{33ED9FC4-0049-469D-A7CC-A35101A03801}.Release|x64.Build.0 = Release|Any CPU
		{33ED9FC4-0049-469D-A7CC-A35101A03801}.Release|x86.ActiveCfg = Release|Any CPU
		{33ED9FC4-0049-469D-A7CC-A35101A03801}.Release|x86.Build.0 = Release|Any CPU
		{0B3DE479-D25A-4585-8883-AD8DDC067DE8}.Debug|Any CPU.ActiveCfg = Debug|Any CPU
		{0B3DE479-D25A-4585-8883-AD8DDC067DE8}.Debug|Any CPU.Build.0 = Debug|Any CPU
		{0B3DE479-D25A-4585-8883-AD8DDC067DE8}.Debug|x64.ActiveCfg = Debug|Any CPU
		{0B3DE479-D25A-4585-8883-AD8DDC067DE8}.Debug|x64.Build.0 = Debug|Any CPU
		{0B3DE479-D25A-4585-8883-AD8DDC067DE8}.Debug|x86.ActiveCfg = Debug|Any CPU
		{0B3DE479-D25A-4585-8883-AD8DDC067DE8}.Debug|x86.Build.0 = Debug|Any CPU
		{0B3DE479-D25A-4585-8883-AD8DDC067DE8}.Release|Any CPU.ActiveCfg = Release|Any CPU
		{0B3DE479-D25A-4585-8883-AD8DDC067DE8}.Release|Any CPU.Build.0 = Release|Any CPU
		{0B3DE479-D25A-4585-8883-AD8DDC067DE8}.Release|x64.ActiveCfg = Release|Any CPU
		{0B3DE479-D25A-4585-8883-AD8DDC067DE8}.Release|x64.Build.0 = Release|Any CPU
		{0B3DE479-D25A-4585-8883-AD8DDC067DE8}.Release|x86.ActiveCfg = Release|Any CPU
		{0B3DE479-D25A-4585-8883-AD8DDC067DE8}.Release|x86.Build.0 = Release|Any CPU
		{DB856925-D981-4A55-A70A-2234D0F72383}.Debug|Any CPU.ActiveCfg = Debug|Any CPU
		{DB856925-D981-4A55-A70A-2234D0F72383}.Debug|Any CPU.Build.0 = Debug|Any CPU
		{DB856925-D981-4A55-A70A-2234D0F72383}.Debug|x64.ActiveCfg = Debug|Any CPU
		{DB856925-D981-4A55-A70A-2234D0F72383}.Debug|x64.Build.0 = Debug|Any CPU
		{DB856925-D981-4A55-A70A-2234D0F72383}.Debug|x86.ActiveCfg = Debug|Any CPU
		{DB856925-D981-4A55-A70A-2234D0F72383}.Debug|x86.Build.0 = Debug|Any CPU
		{DB856925-D981-4A55-A70A-2234D0F72383}.Release|Any CPU.ActiveCfg = Release|Any CPU
		{DB856925-D981-4A55-A70A-2234D0F72383}.Release|Any CPU.Build.0 = Release|Any CPU
		{DB856925-D981-4A55-A70A-2234D0F72383}.Release|x64.ActiveCfg = Release|Any CPU
		{DB856925-D981-4A55-A70A-2234D0F72383}.Release|x64.Build.0 = Release|Any CPU
		{DB856925-D981-4A55-A70A-2234D0F72383}.Release|x86.ActiveCfg = Release|Any CPU
		{DB856925-D981-4A55-A70A-2234D0F72383}.Release|x86.Build.0 = Release|Any CPU
	EndGlobalSection
EndGlobal
